Microsoft Visual Studio Solution File, Format Version 12.00
# Visual Studio Version 17
VisualStudioVersion = 17.5.2.0
MinimumVisualStudioVersion = 10.0.40219.1
Project("{FAE04EC0-301F-11D3-BF4B-00C04F79EFBC}") = "FixerApiTests", "FixerApiTests.csproj", "{63A5ED48-3FCC-8105-E23E-EDF8086AA44C}"
EndProject
Global
	GlobalSection(SolutionConfigurationPlatforms) = preSolution
		Debug|Any CPU = Debug|Any CPU
		Release|Any CPU = Release|Any CPU
	EndGlobalSection
	GlobalSection(ProjectConfigurationPlatforms) = postSolution
		{63A5ED48-3FCC-8105-E23E-EDF8086AA44C}.Debug|Any CPU.ActiveCfg = Debug|Any CPU
		{63A5ED48-3FCC-8105-E23E-EDF8086AA44C}.Debug|Any CPU.Build.0 = Debug|Any CPU
		{63A5ED48-3FCC-8105-E23E-EDF8086AA44C}.Release|Any CPU.ActiveCfg = Release|Any CPU
		{63A5ED48-3FCC-8105-E23E-EDF8086AA44C}.Release|Any CPU.Build.0 = Release|Any CPU
	EndGlobalSection
	GlobalSection(SolutionProperties) = preSolution
		HideSolutionNode = FALSE
	EndGlobalSection
	GlobalSection(ExtensibilityGlobals) = postSolution
		SolutionGuid = {A5BE0732-F0A6-4C12-8883-C754BBBDFA59}
	EndGlobalSection
EndGlobal
